# This file was autogenerated by Stack.
# You should not edit this file by hand.
# For more information, please see the documentation at:
#   https://docs.haskellstack.org/en/stable/topics/lock_files

packages:
- completed:
    commit: 2d19db09bf13f02f49248f7b21703b2c59e06ecc
    git: https://github.com/krdlab/haskell-oidc-client
    name: oidc-client
    pantry-tree:
      sha256: 1ba8f7b134dffd636721d4cebc4c52721b8cb628bc332eed3088443cd2cc969c
      size: 1846
    version: 0.8.0.0
  original:
    commit: 2d19db09bf13f02f49248f7b21703b2c59e06ecc
    git: https://github.com/krdlab/haskell-oidc-client
snapshots:
- completed:
    sha256: 400dfb2174640dd2f9f2ba7cbf9148699f2380ab64faa46f4be298a5d6205316
    size: 684057
    url: https://raw.githubusercontent.com/commercialhaskell/stackage-snapshots/master/lts/23/24.yaml
  original: lts-23.24
