# This file was autogenerated by Stack.
# You should not edit this file by hand.
# For more information, please see the documentation at:
#   https://docs.haskellstack.org/en/stable/topics/lock_files

packages:
- completed:
    commit: 2d19db09bf13f02f49248f7b21703b2c59e06ecc
    git: https://github.com/krdlab/haskell-oidc-client
    name: oidc-client
    pantry-tree:
      sha256: 1ba8f7b134dffd636721d4cebc4c52721b8cb628bc332eed3088443cd2cc969c
      size: 1846
    version: 0.8.0.0
  original:
    commit: 2d19db09bf13f02f49248f7b21703b2c59e06ecc
    git: https://github.com/krdlab/haskell-oidc-client
- completed:
    hackage: hoauth2-2.15.2@sha256:7aa313e9efd4e42c851fb48ae8938128fa9daa86d2b9623fa73dd46f5e7bcedb,3847
    pantry-tree:
      sha256: f8da3bfbd93ca582ca3b6accba8ffbc2b10a3a823f6de85c1dbb601ad77fd2b7
      size: 2379
  original:
    hackage: hoauth2-2.15.2
snapshots:
- completed:
    sha256: bd5076817543a17cf0c7881ecf0dc7e3edb293486b6c6ae4c15cac445f92c418
    size: 769876
    url: https://raw.githubusercontent.com/commercialhaskell/stackage-snapshots/master/nightly/2026/8/7.yaml
  original: nightly-2026-08-07
